{
  "name": "nuxt-ssr-cache",
  "version": "1.2.1",
  "lockfileVersion": 1,
  "requires": true,
  "dependencies": {
    "async": {
      "version": "1.5.2",
      "resolved": "https://registry.npmjs.org/async/-/async-1.5.2.tgz",
      "integrity": "sha1-7GphrlZIDAw8skHJVhjiCJL5Zyo="
    },
    "bluebird": {
      "version": "3.5.3",
      "resolved": "https://registry.npmjs.org/bluebird/-/bluebird-3.5.3.tgz",
      "integrity": "sha512-/qKPUQlaW1OyR51WeCPBvRnAlnZFUJkCSG5HzGnuIqhgyJtF+T94lFnn33eiazjRm2LAHVy2guNnaq48X9SJuw=="
    },
    "cache-manager": {
      "version": "2.9.0",
      "resolved": "https://registry.npmjs.org/cache-manager/-/cache-manager-2.9.0.tgz",
      "integrity": "sha1-Xh9jF8oaJeQN3zZacWJ1evFSNT4=",
      "requires": {
        "async": "1.5.2",
        "lru-cache": "4.0.0"
      }
    },
    "cache-manager-fs-hash": {
      "version": "0.0.7",
      "resolved": "https://registry.npmjs.org/cache-manager-fs-hash/-/cache-manager-fs-hash-0.0.7.tgz",
      "integrity": "sha512-7X+FPItAJf1tKKqJx6ljDJQc0fgSR5B+KPxFQLj+vYSL4q9XdrCbZldgsNb6wueRuIooj01wt0FubB08zaefRg==",
      "requires": {
        "es6-promisify": "6.0.1",
        "lockfile": "1.0.4"
      }
    },
    "cache-manager-redis": {
      "version": "0.6.0",
      "resolved": "https://registry.npmjs.org/cache-manager-redis/-/cache-manager-redis-0.6.0.tgz",
      "integrity": "sha512-i7grsVyuIppLyzKAAHM48Eo2YX51+D++Pp1MQiX/9GCBVr3ofayiBpLrz/k/IUpaU9HUZ56P+v5Ee7yJRkfk/w==",
      "requires": {
        "cache-manager": "2.9.0",
        "redis-url": "1.2.1",
        "sol-redis-pool": "0.3.3"
      }
    },
    "double-ended-queue": {
      "version": "2.1.0-0",
      "resolved": "https://registry.npmjs.org/double-ended-queue/-/double-ended-queue-2.1.0-0.tgz",
      "integrity": "sha1-ED01J/0xUo9AGIEwyEHv3XgmTlw="
    },
    "es6-promisify": {
      "version": "6.0.1",
      "resolved": "https://registry.npmjs.org/es6-promisify/-/es6-promisify-6.0.1.tgz",
      "integrity": "sha512-J3ZkwbEnnO+fGAKrjVpeUAnZshAdfZvbhQpqfIH9kSAspReRC4nJnu8ewm55b4y9ElyeuhCTzJD0XiH8Tsbhlw=="
    },
    "generic-pool": {
      "version": "2.2.1",
      "resolved": "https://registry.npmjs.org/generic-pool/-/generic-pool-2.2.1.tgz",
      "integrity": "sha1-dQrJlOyk5/h/YW4q3/AlP2RlmtY="
    },
    "lockfile": {
      "version": "1.0.4",
      "resolved": "https://registry.npmjs.org/lockfile/-/lockfile-1.0.4.tgz",
      "integrity": "sha512-cvbTwETRfsFh4nHsL1eGWapU1XFi5Ot9E85sWAwia7Y7EgB7vfqcZhTKZ+l7hCGxSPoushMv5GKhT5PdLv03WA==",
      "requires": {
        "signal-exit": "3.0.2"
      }
    },
    "lru-cache": {
      "version": "4.0.0",
      "resolved": "https://registry.npmjs.org/lru-cache/-/lru-cache-4.0.0.tgz",
      "integrity": "sha1-tcvwFVbBaWb+vlTO7A+03JDfbCg=",
      "requires": {
        "pseudomap": "1.0.2",
        "yallist": "2.1.2"
      }
    },
    "pseudomap": {
      "version": "1.0.2",
      "resolved": "https://registry.npmjs.org/pseudomap/-/pseudomap-1.0.2.tgz",
      "integrity": "sha1-8FKijacOYYkX7wqKw0wa5aaChrM="
    },
    "redis": {
      "version": "2.8.0",
      "resolved": "https://registry.npmjs.org/redis/-/redis-2.8.0.tgz",
      "integrity": "sha512-M1OkonEQwtRmZv4tEWF2VgpG0JWJ8Fv1PhlgT5+B+uNq2cA3Rt1Yt/ryoR+vQNOQcIEgdCdfH0jr3bDpihAw1A==",
      "requires": {
        "double-ended-queue": "2.1.0-0",
        "redis-commands": "1.4.0",
        "redis-parser": "2.6.0"
      }
    },
    "redis-commands": {
      "version": "1.4.0",
      "resolved": "https://registry.npmjs.org/redis-commands/-/redis-commands-1.4.0.tgz",
      "integrity": "sha512-cu8EF+MtkwI4DLIT0x9P8qNTLFhQD4jLfxLR0cCNkeGzs87FN6879JOJwNQR/1zD7aSYNbU0hgsV9zGY71Itvw=="
    },
    "redis-parser": {
      "version": "2.6.0",
      "resolved": "https://registry.npmjs.org/redis-parser/-/redis-parser-2.6.0.tgz",
      "integrity": "sha1-Uu0J2srBCPGmMcB+m2mUHnoZUEs="
    },
    "redis-url": {
      "version": "1.2.1",
      "resolved": "https://registry.npmjs.org/redis-url/-/redis-url-1.2.1.tgz",
      "integrity": "sha1-GGcAlaOOmJ03k1ndTG5Kv/heLrE=",
      "requires": {
        "redis": "2.8.0"
      }
    },
    "signal-exit": {
      "version": "3.0.2",
      "resolved": "https://registry.npmjs.org/signal-exit/-/signal-exit-3.0.2.tgz",
      "integrity": "sha1-tf3AjxKH6hF4Yo5BXiUTK3NkbG0="
    },
    "sol-redis-pool": {
      "version": "0.3.3",
      "resolved": "https://registry.npmjs.org/sol-redis-pool/-/sol-redis-pool-0.3.3.tgz",
      "integrity": "sha1-pxEdb4lCQTugrUczVmFnBS23Sms=",
      "requires": {
        "bluebird": "3.5.3",
        "generic-pool": "2.2.1",
        "redis": "2.8.0"
      }
    },
    "yallist": {
      "version": "2.1.2",
      "resolved": "https://registry.npmjs.org/yallist/-/yallist-2.1.2.tgz",
      "integrity": "sha1-HBH5IY8HYImkfdUS+TxmmaaoHVI="
    }
  }
}
